
Microsoft Visual Studio Solution File, Format Version 12.00
# Visual Studio Version 17
VisualStudioVersion = 17.6.33723.286
MinimumVisualStudioVersion = 10.0.40219.1
Project("{FAE04EC0-301F-11D3-BF4B-00C04F79EFBC}") = "Pizzeria", "Pizzeria\Pizzeria.csproj", "{896B9424-0889-42AE-9A10-D321CDBF70E8}"
EndProject
Global
	GlobalSection(SolutionConfigurationPlatforms) = preSolution
		Debug|Any CPU = Debug|Any CPU
		Release|Any CPU = Release|Any CPU
	EndGlobalSection
	GlobalSection(ProjectConfigurationPlatforms) = postSolution
		{896B9424-0889-42AE-9A10-D321CDBF70E8}.Debug|Any CPU.ActiveCfg = Debug|Any CPU
		{896B9424-0889-42AE-9A10-D321CDBF70E8}.Debug|Any CPU.Build.0 = Debug|Any CPU
		{896B9424-0889-42AE-9A10-D321CDBF70E8}.Release|Any CPU.ActiveCfg = Release|Any CPU
		{896B9424-0889-42AE-9A10-D321CDBF70E8}.Release|Any CPU.Build.0 = Release|Any CPU
	EndGlobalSection
	GlobalSection(SolutionProperties) = preSolution
		HideSolutionNode = FALSE
	EndGlobalSection
	GlobalSection(ExtensibilityGlobals) = postSolution
		SolutionGuid = {1CE70491-BB5A-4E27-910E-1763EC47B2BB}
	EndGlobalSection
EndGlobal
